
Microsoft Visual Studio Solution File, Format Version 12.00
# Visual Studio 14
VisualStudioVersion = 14.0.22310.1
MinimumVisualStudioVersion = 10.0.40219.1
Project("{FAE04EC0-301F-11D3-BF4B-00C04F79EFBC}") = "ImageBrowser", "ImageBrowser\ImageBrowser\ImageBrowser.csproj", "{88D86D13-75EC-4E4C-987D-C8F89609972D}"
EndProject
Project("{FAE04EC0-301F-11D3-BF4B-00C04F79EFBC}") = "ImageBrowser.iOS", "ImageBrowser\ImageBrowser.iOS\ImageBrowser.iOS.csproj", "{91C19853-C094-4A80-989E-FB71916FCA75}"
EndProject
Project("{FAE04EC0-301F-11D3-BF4B-00C04F79EFBC}") = "ImageBrowser.Droid", "ImageBrowser\ImageBrowser.Droid\ImageBrowser.Droid.csproj", "{9984E5E8-DBB9-4454-9201-9FFD0FF2BB45}"
EndProject
Project("{FAE04EC0-301F-11D3-BF4B-00C04F79EFBC}") = "ImageBrowser.WinPhone", "ImageBrowser\ImageBrowser.WinPhone\ImageBrowser.WinPhone.csproj", "{8C4EB2BE-18C9-43BF-A9DD-74791FD4C445}"
EndProject
Global
	GlobalSection(SolutionConfigurationPlatforms) = preSolution
		Ad-Hoc|ARM = Ad-Hoc|ARM
		Ad-Hoc|iPhone = Ad-Hoc|iPhone
		Ad-Hoc|iPhoneSimulator = Ad-Hoc|iPhoneSimulator
		Ad-Hoc|x86 = Ad-Hoc|x86
		AppStore|ARM = AppStore|ARM
		AppStore|iPhone = AppStore|iPhone
		AppStore|iPhoneSimulator = AppStore|iPhoneSimulator
		AppStore|x86 = AppStore|x86
		Debug|ARM = Debug|ARM
		Debug|iPhone = Debug|iPhone
		Debug|iPhoneSimulator = Debug|iPhoneSimulator
		Debug|x86 = Debug|x86
		Release|ARM = Release|ARM
		Release|iPhone = Release|iPhone
		Release|iPhoneSimulator = Release|iPhoneSimulator
		Release|x86 = Release|x86
	EndGlobalSection
	GlobalSection(ProjectConfigurationPlatforms) = postSolution
		{88D86D13-75EC-4E4C-987D-C8F89609972D}.Ad-Hoc|ARM.ActiveCfg = Release|Any CPU
		{88D86D13-75EC-4E4C-987D-C8F89609972D}.Ad-Hoc|ARM.Build.0 = Release|Any CPU
		{88D86D13-75EC-4E4C-987D-C8F89609972D}.Ad-Hoc|iPhone.ActiveCfg = Release|Any CPU
		{88D86D13-75EC-4E4C-987D-C8F89609972D}.Ad-Hoc|iPhone.Build.0 = Release|Any CPU
		{88D86D13-75EC-4E4C-987D-C8F89609972D}.Ad-Hoc|iPhoneSimulator.ActiveCfg = Release|Any CPU
		{88D86D13-75EC-4E4C-987D-C8F89609972D}.Ad-Hoc|iPhoneSimulator.Build.0 = Release|Any CPU
		{88D86D13-75EC-4E4C-987D-C8F89609972D}.Ad-Hoc|x86.ActiveCfg = Release|Any CPU
		{88D86D13-75EC-4E4C-987D-C8F89609972D}.Ad-Hoc|x86.Build.0 = Release|Any CPU
		{88D86D13-75EC-4E4C-987D-C8F89609972D}.AppStore|ARM.ActiveCfg = Release|Any CPU
		{88D86D13-75EC-4E4C-987D-C8F89609972D}.AppStore|ARM.Build.0 = Release|Any CPU
		{88D86D13-75EC-4E4C-987D-C8F89609972D}.AppStore|iPhone.ActiveCfg = Release|Any CPU
		{88D86D13-75EC-4E4C-987D-C8F89609972D}.AppStore|iPhone.Build.0 = Release|Any CPU
		{88D86D13-75EC-4E4C-987D-C8F89609972D}.AppStore|iPhoneSimulator.ActiveCfg = Release|Any CPU
		{88D86D13-75EC-4E4C-987D-C8F89609972D}.AppStore|iPhoneSimulator.Build.0 = Release|Any CPU
		{88D86D13-75EC-4E4C-987D-C8F89609972D}.AppStore|x86.ActiveCfg = Release|Any CPU
		{88D86D13-75EC-4E4C-987D-C8F89609972D}.AppStore|x86.Build.0 = Release|Any CPU
		{88D86D13-75EC-4E4C-987D-C8F89609972D}.Debug|ARM.ActiveCfg = Debug|Any CPU
		{88D86D13-75EC-4E4C-987D-C8F89609972D}.Debug|ARM.Build.0 = Debug|Any CPU
		{88D86D13-75EC-4E4C-987D-C8F89609972D}.Debug|iPhone.ActiveCfg = Debug|Any CPU
		{88D86D13-75EC-4E4C-987D-C8F89609972D}.Debug|iPhone.Build.0 = Debug|Any CPU
		{88D86D13-75EC-4E4C-987D-C8F89609972D}.Debug|iPhoneSimulator.ActiveCfg = Debug|Any CPU
		{88D86D13-75EC-4E4C-987D-C8F89609972D}.Debug|iPhoneSimulator.Build.0 = Debug|Any CPU
		{88D86D13-75EC-4E4C-987D-C8F89609972D}.Debug|x86.ActiveCfg = Debug|Any CPU
		{88D86D13-75EC-4E4C-987D-C8F89609972D}.Debug|x86.Build.0 = Debug|Any CPU
		{88D86D13-75EC-4E4C-987D-C8F89609972D}.Release|ARM.ActiveCfg = Release|Any CPU
		{88D86D13-75EC-4E4C-987D-C8F89609972D}.Release|ARM.Build.0 = Release|Any CPU
		{88D86D13-75EC-4E4C-987D-C8F89609972D}.Release|iPhone.ActiveCfg = Release|Any CPU
		{88D86D13-75EC-4E4C-987D-C8F89609972D}.Release|iPhone.Build.0 = Release|Any CPU
		{88D86D13-75EC-4E4C-987D-C8F89609972D}.Release|iPhoneSimulator.ActiveCfg = Release|Any CPU
		{88D86D13-75EC-4E4C-987D-C8F89609972D}.Release|iPhoneSimulator.Build.0 = Release|Any CPU
		{88D86D13-75EC-4E4C-987D-C8F89609972D}.Release|x86.ActiveCfg = Release|Any CPU
		{88D86D13-75EC-4E4C-987D-C8F89609972D}.Release|x86.Build.0 = Release|Any CPU
		{91C19853-C094-4A80-989E-FB71916FCA75}.Ad-Hoc|ARM.ActiveCfg = Ad-Hoc|iPhone
		{91C19853-C094-4A80-989E-FB71916FCA75}.Ad-Hoc|iPhone.ActiveCfg = Ad-Hoc|iPhone
		{91C19853-C094-4A80-989E-FB71916FCA75}.Ad-Hoc|iPhone.Build.0 = Ad-Hoc|iPhone
		{91C19853-C094-4A80-989E-FB71916FCA75}.Ad-Hoc|iPhoneSimulator.ActiveCfg = Ad-Hoc|iPhoneSimulator
		{91C19853-C094-4A80-989E-FB71916FCA75}.Ad-Hoc|iPhoneSimulator.Build.0 = Ad-Hoc|iPhoneSimulator
		{91C19853-C094-4A80-989E-FB71916FCA75}.Ad-Hoc|x86.ActiveCfg = Ad-Hoc|iPhone
		{91C19853-C094-4A80-989E-FB71916FCA75}.AppStore|ARM.ActiveCfg = AppStore|iPhone
		{91C19853-C094-4A80-989E-FB71916FCA75}.AppStore|iPhone.ActiveCfg = AppStore|iPhone
		{91C19853-C094-4A80-989E-FB71916FCA75}.AppStore|iPhone.Build.0 = AppStore|iPhone
		{91C19853-C094-4A80-989E-FB71916FCA75}.AppStore|iPhoneSimulator.ActiveCfg = AppStore|iPhoneSimulator
		{91C19853-C094-4A80-989E-FB71916FCA75}.AppStore|iPhoneSimulator.Build.0 = AppStore|iPhoneSimulator
		{91C19853-C094-4A80-989E-FB71916FCA75}.AppStore|x86.ActiveCfg = AppStore|iPhone
		{91C19853-C094-4A80-989E-FB71916FCA75}.Debug|ARM.ActiveCfg = Debug|iPhone
		{91C19853-C094-4A80-989E-FB71916FCA75}.Debug|iPhone.ActiveCfg = Debug|iPhone
		{91C19853-C094-4A80-989E-FB71916FCA75}.Debug|iPhone.Build.0 = Debug|iPhone
		{91C19853-C094-4A80-989E-FB71916FCA75}.Debug|iPhoneSimulator.ActiveCfg = Debug|iPhoneSimulator
		{91C19853-C094-4A80-989E-FB71916FCA75}.Debug|iPhoneSimulator.Build.0 = Debug|iPhoneSimulator
		{91C19853-C094-4A80-989E-FB71916FCA75}.Debug|x86.ActiveCfg = Debug|iPhone
		{91C19853-C094-4A80-989E-FB71916FCA75}.Release|ARM.ActiveCfg = Release|iPhone
		{91C19853-C094-4A80-989E-FB71916FCA75}.Release|iPhone.ActiveCfg = Release|iPhone
		{91C19853-C094-4A80-989E-FB71916FCA75}.Release|iPhone.Build.0 = Release|iPhone
		{91C19853-C094-4A80-989E-FB71916FCA75}.Release|iPhoneSimulator.ActiveCfg = Release|iPhoneSimulator
		{91C19853-C094-4A80-989E-FB71916FCA75}.Release|iPhoneSimulator.Build.0 = Release|iPhoneSimulator
		{91C19853-C094-4A80-989E-FB71916FCA75}.Release|x86.ActiveCfg = Release|iPhone
		{9984E5E8-DBB9-4454-9201-9FFD0FF2BB45}.Ad-Hoc|ARM.ActiveCfg = Release|Any CPU
		{9984E5E8-DBB9-4454-9201-9FFD0FF2BB45}.Ad-Hoc|ARM.Build.0 = Release|Any CPU
		{9984E5E8-DBB9-4454-9201-9FFD0FF2BB45}.Ad-Hoc|ARM.Deploy.0 = Release|Any CPU
		{9984E5E8-DBB9-4454-9201-9FFD0FF2BB45}.Ad-Hoc|iPhone.ActiveCfg = Release|Any CPU
		{9984E5E8-DBB9-4454-9201-9FFD0FF2BB45}.Ad-Hoc|iPhone.Build.0 = Release|Any CPU
		{9984E5E8-DBB9-4454-9201-9FFD0FF2BB45}.Ad-Hoc|iPhone.Deploy.0 = Release|Any CPU
		{9984E5E8-DBB9-4454-9201-9FFD0FF2BB45}.Ad-Hoc|iPhoneSimulator.ActiveCfg = Release|Any CPU
		{9984E5E8-DBB9-4454-9201-9FFD0FF2BB45}.Ad-Hoc|iPhoneSimulator.Build.0 = Release|Any CPU
		{9984E5E8-DBB9-4454-9201-9FFD0FF2BB45}.Ad-Hoc|iPhoneSimulator.Deploy.0 = Release|Any CPU
		{9984E5E8-DBB9-4454-9201-9FFD0FF2BB45}.Ad-Hoc|x86.ActiveCfg = Release|Any CPU
		{9984E5E8-DBB9-4454-9201-9FFD0FF2BB45}.Ad-Hoc|x86.Build.0 = Release|Any CPU
		{9984E5E8-DBB9-4454-9201-9FFD0FF2BB45}.Ad-Hoc|x86.Deploy.0 = Release|Any CPU
		{9984E5E8-DBB9-4454-9201-9FFD0FF2BB45}.AppStore|ARM.ActiveCfg = Release|Any CPU
		{9984E5E8-DBB9-4454-9201-9FFD0FF2BB45}.AppStore|ARM.Build.0 = Release|Any CPU
		{9984E5E8-DBB9-4454-9201-9FFD0FF2BB45}.AppStore|ARM.Deploy.0 = Release|Any CPU
		{9984E5E8-DBB9-4454-9201-9FFD0FF2BB45}.AppStore|iPhone.ActiveCfg = Release|Any CPU
		{9984E5E8-DBB9-4454-9201-9FFD0FF2BB45}.AppStore|iPhone.Build.0 = Release|Any CPU
		{9984E5E8-DBB9-4454-9201-9FFD0FF2BB45}.AppStore|iPhone.Deploy.0 = Release|Any CPU
		{9984E5E8-DBB9-4454-9201-9FFD0FF2BB45}.AppStore|iPhoneSimulator.ActiveCfg = Release|Any CPU
		{9984E5E8-DBB9-4454-9201-9FFD0FF2BB45}.AppStore|iPhoneSimulator.Build.0 = Release|Any CPU
		{9984E5E8-DBB9-4454-9201-9FFD0FF2BB45}.AppStore|iPhoneSimulator.Deploy.0 = Release|Any CPU
		{9984E5E8-DBB9-4454-9201-9FFD0FF2BB45}.AppStore|x86.ActiveCfg = Release|Any CPU
		{9984E5E8-DBB9-4454-9201-9FFD0FF2BB45}.AppStore|x86.Build.0 = Release|Any CPU
		{9984E5E8-DBB9-4454-9201-9FFD0FF2BB45}.AppStore|x86.Deploy.0 = Release|Any CPU
		{9984E5E8-DBB9-4454-9201-9FFD0FF2BB45}.Debug|ARM.ActiveCfg = Debug|Any CPU
		{9984E5E8-DBB9-4454-9201-9FFD0FF2BB45}.Debug|ARM.Build.0 = Debug|Any CPU
		{9984E5E8-DBB9-4454-9201-9FFD0FF2BB45}.Debug|ARM.Deploy.0 = Debug|Any CPU
		{9984E5E8-DBB9-4454-9201-9FFD0FF2BB45}.Debug|iPhone.ActiveCfg = Debug|Any CPU
		{9984E5E8-DBB9-4454-9201-9FFD0FF2BB45}.Debug|iPhone.Build.0 = Debug|Any CPU
		{9984E5E8-DBB9-4454-9201-9FFD0FF2BB45}.Debug|iPhone.Deploy.0 = Debug|Any CPU
		{9984E5E8-DBB9-4454-9201-9FFD0FF2BB45}.Debug|iPhoneSimulator.ActiveCfg = Debug|Any CPU
		{9984E5E8-DBB9-4454-9201-9FFD0FF2BB45}.Debug|iPhoneSimulator.Build.0 = Debug|Any CPU
		{9984E5E8-DBB9-4454-9201-9FFD0FF2BB45}.Debug|iPhoneSimulator.Deploy.0 = Debug|Any CPU
		{9984E5E8-DBB9-4454-9201-9FFD0FF2BB45}.Debug|x86.ActiveCfg = Debug|Any CPU
		{9984E5E8-DBB9-4454-9201-9FFD0FF2BB45}.Debug|x86.Build.0 = Debug|Any CPU
		{9984E5E8-DBB9-4454-9201-9FFD0FF2BB45}.Debug|x86.Deploy.0 = Debug|Any CPU
		{9984E5E8-DBB9-4454-9201-9FFD0FF2BB45}.Release|ARM.ActiveCfg = Release|Any CPU
		{9984E5E8-DBB9-4454-9201-9FFD0FF2BB45}.Release|ARM.Build.0 = Release|Any CPU
		{9984E5E8-DBB9-4454-9201-9FFD0FF2BB45}.Release|ARM.Deploy.0 = Release|Any CPU
		{9984E5E8-DBB9-4454-9201-9FFD0FF2BB45}.Release|iPhone.ActiveCfg = Release|Any CPU
		{9984E5E8-DBB9-4454-9201-9FFD0FF2BB45}.Release|iPhone.Build.0 = Release|Any CPU
		{9984E5E8-DBB9-4454-9201-9FFD0FF2BB45}.Release|iPhone.Deploy.0 = Release|Any CPU
		{9984E5E8-DBB9-4454-9201-9FFD0FF2BB45}.Release|iPhoneSimulator.ActiveCfg = Release|Any CPU
		{9984E5E8-DBB9-4454-9201-9FFD0FF2BB45}.Release|iPhoneSimulator.Build.0 = Release|Any CPU
		{9984E5E8-DBB9-4454-9201-9FFD0FF2BB45}.Release|iPhoneSimulator.Deploy.0 = Release|Any CPU
		{9984E5E8-DBB9-4454-9201-9FFD0FF2BB45}.Release|x86.ActiveCfg = Release|Any CPU
		{9984E5E8-DBB9-4454-9201-9FFD0FF2BB45}.Release|x86.Build.0 = Release|Any CPU
		{9984E5E8-DBB9-4454-9201-9FFD0FF2BB45}.Release|x86.Deploy.0 = Release|Any CPU
		{8C4EB2BE-18C9-43BF-A9DD-74791FD4C445}.Ad-Hoc|ARM.ActiveCfg = Release|ARM
		{8C4EB2BE-18C9-43BF-A9DD-74791FD4C445}.Ad-Hoc|ARM.Build.0 = Release|ARM
		{8C4EB2BE-18C9-43BF-A9DD-74791FD4C445}.Ad-Hoc|ARM.Deploy.0 = Release|ARM
		{8C4EB2BE-18C9-43BF-A9DD-74791FD4C445}.Ad-Hoc|iPhone.ActiveCfg = Release|Any CPU
		{8C4EB2BE-18C9-43BF-A9DD-74791FD4C445}.Ad-Hoc|iPhone.Build.0 = Release|Any CPU
		{8C4EB2BE-18C9-43BF-A9DD-74791FD4C445}.Ad-Hoc|iPhone.Deploy.0 = Release|Any CPU
		{8C4EB2BE-18C9-43BF-A9DD-74791FD4C445}.Ad-Hoc|iPhoneSimulator.ActiveCfg = Release|Any CPU
		{8C4EB2BE-18C9-43BF-A9DD-74791FD4C445}.Ad-Hoc|iPhoneSimulator.Build.0 = Release|Any CPU
		{8C4EB2BE-18C9-43BF-A9DD-74791FD4C445}.Ad-Hoc|iPhoneSimulator.Deploy.0 = Release|Any CPU
		{8C4EB2BE-18C9-43BF-A9DD-74791FD4C445}.Ad-Hoc|x86.ActiveCfg = Release|x86
		{8C4EB2BE-18C9-43BF-A9DD-74791FD4C445}.Ad-Hoc|x86.Build.0 = Release|x86
		{8C4EB2BE-18C9-43BF-A9DD-74791FD4C445}.Ad-Hoc|x86.Deploy.0 = Release|x86
		{8C4EB2BE-18C9-43BF-A9DD-74791FD4C445}.AppStore|ARM.ActiveCfg = Release|ARM
		{8C4EB2BE-18C9-43BF-A9DD-74791FD4C445}.AppStore|ARM.Build.0 = Release|ARM
		{8C4EB2BE-18C9-43BF-A9DD-74791FD4C445}.AppStore|ARM.Deploy.0 = Release|ARM
		{8C4EB2BE-18C9-43BF-A9DD-74791FD4C445}.AppStore|iPhone.ActiveCfg = Release|Any CPU
		{8C4EB2BE-18C9-43BF-A9DD-74791FD4C445}.AppStore|iPhone.Build.0 = Release|Any CPU
		{8C4EB2BE-18C9-43BF-A9DD-74791FD4C445}.AppStore|iPhone.Deploy.0 = Release|Any CPU
		{8C4EB2BE-18C9-43BF-A9DD-74791FD4C445}.AppStore|iPhoneSimulator.ActiveCfg = Release|Any CPU
		{8C4EB2BE-18C9-43BF-A9DD-74791FD4C445}.AppStore|iPhoneSimulator.Build.0 = Release|Any CPU
		{8C4EB2BE-18C9-43BF-A9DD-74791FD4C445}.AppStore|iPhoneSimulator.Deploy.0 = Release|Any CPU
		{8C4EB2BE-18C9-43BF-A9DD-74791FD4C445}.AppStore|x86.ActiveCfg = Release|x86
		{8C4EB2BE-18C9-43BF-A9DD-74791FD4C445}.AppStore|x86.Build.0 = Release|x86
		{8C4EB2BE-18C9-43BF-A9DD-74791FD4C445}.AppStore|x86.Deploy.0 = Release|x86
		{8C4EB2BE-18C9-43BF-A9DD-74791FD4C445}.Debug|ARM.ActiveCfg = Debug|ARM
		{8C4EB2BE-18C9-43BF-A9DD-74791FD4C445}.Debug|ARM.Build.0 = Debug|ARM
		{8C4EB2BE-18C9-43BF-A9DD-74791FD4C445}.Debug|ARM.Deploy.0 = Debug|ARM
		{8C4EB2BE-18C9-43BF-A9DD-74791FD4C445}.Debug|iPhone.ActiveCfg = Debug|Any CPU
		{8C4EB2BE-18C9-43BF-A9DD-74791FD4C445}.Debug|iPhone.Build.0 = Debug|Any CPU
		{8C4EB2BE-18C9-43BF-A9DD-74791FD4C445}.Debug|iPhone.Deploy.0 = Debug|Any CPU
		{8C4EB2BE-18C9-43BF-A9DD-74791FD4C445}.Debug|iPhoneSimulator.ActiveCfg = Debug|Any CPU
		{8C4EB2BE-18C9-43BF-A9DD-74791FD4C445}.Debug|iPhoneSimulator.Build.0 = Debug|Any CPU
		{8C4EB2BE-18C9-43BF-A9DD-74791FD4C445}.Debug|iPhoneSimulator.Deploy.0 = Debug|Any CPU
		{8C4EB2BE-18C9-43BF-A9DD-74791FD4C445}.Debug|x86.ActiveCfg = Debug|x86
		{8C4EB2BE-18C9-43BF-A9DD-74791FD4C445}.Debug|x86.Build.0 = Debug|x86
		{8C4EB2BE-18C9-43BF-A9DD-74791FD4C445}.Debug|x86.Deploy.0 = Debug|x86
		{8C4EB2BE-18C9-43BF-A9DD-74791FD4C445}.Release|ARM.ActiveCfg = Release|ARM
		{8C4EB2BE-18C9-43BF-A9DD-74791FD4C445}.Release|ARM.Build.0 = Release|ARM
		{8C4EB2BE-18C9-43BF-A9DD-74791FD4C445}.Release|ARM.Deploy.0 = Release|ARM
		{8C4EB2BE-18C9-43BF-A9DD-74791FD4C445}.Release|iPhone.ActiveCfg = Release|Any CPU
		{8C4EB2BE-18C9-43BF-A9DD-74791FD4C445}.Release|iPhone.Build.0 = Release|Any CPU
		{8C4EB2BE-18C9-43BF-A9DD-74791FD4C445}.Release|iPhone.Deploy.0 = Release|Any CPU
		{8C4EB2BE-18C9-43BF-A9DD-74791FD4C445}.Release|iPhoneSimulator.ActiveCfg = Release|Any CPU
		{8C4EB2BE-18C9-43BF-A9DD-74791FD4C445}.Release|iPhoneSimulator.Build.0 = Release|Any CPU
		{8C4EB2BE-18C9-43BF-A9DD-74791FD4C445}.Release|iPhoneSimulator.Deploy.0 = Release|Any CPU
		{8C4EB2BE-18C9-43BF-A9DD-74791FD4C445}.Release|x86.ActiveCfg = Release|x86
		{8C4EB2BE-18C9-43BF-A9DD-74791FD4C445}.Release|x86.Build.0 = Release|x86
		{8C4EB2BE-18C9-43BF-A9DD-74791FD4C445}.Release|x86.Deploy.0 = Release|x86
	EndGlobalSection
	GlobalSection(SolutionProperties) = preSolution
		HideSolutionNode = FALSE
	EndGlobalSection
EndGlobal
